
Microsoft Visual Studio Solution File, Format Version 12.00
# Visual Studio Version 17
VisualStudioVersion = 17.9.34622.214
MinimumVisualStudioVersion = 10.0.40219.1
Project("{9A19103F-16F7-4668-BE54-9A1E7A4F7556}") = "SchoolManagement", "SchoolManagement.csproj", "{0A784A91-B36D-4D2B-B0CE-50ED9A418350}"
EndProject
Project("{9A19103F-16F7-4668-BE54-9A1E7A4F7556}") = "StudentManagement.Models", "..\StudentManagement.Models\StudentManagement.Models.csproj", "{F7119AA0-F12E-48E0-981C-E418FC5F16B5}"
EndProject
Project("{9A19103F-16F7-4668-BE54-9A1E7A4F7556}") = "StudentManagement.SecureMessage", "..\StudentManagement.SecureMessage\StudentManagement.SecureMessage.csproj", "{CCF7DFAA-698B-487D-B271-07D0461E1564}"
EndProject
Project("{9A19103F-16F7-4668-BE54-9A1E7A4F7556}") = "StudentManagement.AzureFunctionDemo", "..\StudentManagement.AzureFunctionDemo\StudentManagement.AzureFunctionDemo.csproj", "{C7F8A2C6-4C32-455E-A6DC-963264DAAB49}"
EndProject
Project("{FAE04EC0-301F-11D3-BF4B-00C04F79EFBC}") = "StudentManagement.DataAccess", "..\StudentManagement.DataAccess\StudentManagement.DataAccess.csproj", "{5018DB12-2B95-45BF-B107-5535C5BA349D}"
EndProject
Global
	GlobalSection(SolutionConfigurationPlatforms) = preSolution
		Debug|Any CPU = Debug|Any CPU
		Release|Any CPU = Release|Any CPU
	EndGlobalSection
	GlobalSection(ProjectConfigurationPlatforms) = postSolution
		{0A784A91-B36D-4D2B-B0CE-50ED9A418350}.Debug|Any CPU.ActiveCfg = Debug|Any CPU
		{0A784A91-B36D-4D2B-B0CE-50ED9A418350}.Debug|Any CPU.Build.0 = Debug|Any CPU
		{0A784A91-B36D-4D2B-B0CE-50ED9A418350}.Release|Any CPU.ActiveCfg = Release|Any CPU
		{0A784A91-B36D-4D2B-B0CE-50ED9A418350}.Release|Any CPU.Build.0 = Release|Any CPU
		{F7119AA0-F12E-48E0-981C-E418FC5F16B5}.Debug|Any CPU.ActiveCfg = Debug|Any CPU
		{F7119AA0-F12E-48E0-981C-E418FC5F16B5}.Debug|Any CPU.Build.0 = Debug|Any CPU
		{F7119AA0-F12E-48E0-981C-E418FC5F16B5}.Release|Any CPU.ActiveCfg = Release|Any CPU
		{F7119AA0-F12E-48E0-981C-E418FC5F16B5}.Release|Any CPU.Build.0 = Release|Any CPU
		{CCF7DFAA-698B-487D-B271-07D0461E1564}.Debug|Any CPU.ActiveCfg = Debug|Any CPU
		{CCF7DFAA-698B-487D-B271-07D0461E1564}.Debug|Any CPU.Build.0 = Debug|Any CPU
		{CCF7DFAA-698B-487D-B271-07D0461E1564}.Release|Any CPU.ActiveCfg = Release|Any CPU
		{CCF7DFAA-698B-487D-B271-07D0461E1564}.Release|Any CPU.Build.0 = Release|Any CPU
		{C7F8A2C6-4C32-455E-A6DC-963264DAAB49}.Debug|Any CPU.ActiveCfg = Debug|Any CPU
		{C7F8A2C6-4C32-455E-A6DC-963264DAAB49}.Debug|Any CPU.Build.0 = Debug|Any CPU
		{C7F8A2C6-4C32-455E-A6DC-963264DAAB49}.Release|Any CPU.ActiveCfg = Release|Any CPU
		{C7F8A2C6-4C32-455E-A6DC-963264DAAB49}.Release|Any CPU.Build.0 = Release|Any CPU
		{5018DB12-2B95-45BF-B107-5535C5BA349D}.Debug|Any CPU.ActiveCfg = Debug|Any CPU
		{5018DB12-2B95-45BF-B107-5535C5BA349D}.Debug|Any CPU.Build.0 = Debug|Any CPU
		{5018DB12-2B95-45BF-B107-5535C5BA349D}.Release|Any CPU.ActiveCfg = Release|Any CPU
		{5018DB12-2B95-45BF-B107-5535C5BA349D}.Release|Any CPU.Build.0 = Release|Any CPU
	EndGlobalSection
	GlobalSection(SolutionProperties) = preSolution
		HideSolutionNode = FALSE
	EndGlobalSection
	GlobalSection(ExtensibilityGlobals) = postSolution
		SolutionGuid = {ACC77F72-3315-47CC-8A73-00509E237D7C}
	EndGlobalSection
EndGlobal
